
Microsoft Visual Studio Solution File, Format Version 12.00
# Visual Studio Version 16
VisualStudioVersion = 16.0.31025.194
MinimumVisualStudioVersion = 10.0.40219.1
Project("{FAE04EC0-301F-11D3-BF4B-00C04F79EFBC}") = "LoginJwt.Api", "LoginJwt.Api\LoginJwt.Api.csproj", "{A2A71E79-EBE7-4D2E-B35C-21B88FE0A4E9}"
EndProject
Project("{FAE04EC0-301F-11D3-BF4B-00C04F79EFBC}") = "LoginJwt.Authorization", "LoginJwt.Authorization\LoginJwt.Authorization.csproj", "{200EBDFF-0DAA-45E7-905D-EE42A871F94A}"
EndProject
Project("{FAE04EC0-301F-11D3-BF4B-00C04F79EFBC}") = "LoginJwt.Tools", "LoginJwt.Tools\LoginJwt.Tools.csproj", "{E4D56CEF-1E8B-42FE-A702-11B88C47040A}"
EndProject
Global
	GlobalSection(SolutionConfigurationPlatforms) = preSolution
		Debug|Any CPU = Debug|Any CPU
		Release|Any CPU = Release|Any CPU
	EndGlobalSection
	GlobalSection(ProjectConfigurationPlatforms) = postSolution
		{A2A71E79-EBE7-4D2E-B35C-21B88FE0A4E9}.Debug|Any CPU.ActiveCfg = Debug|Any CPU
		{A2A71E79-EBE7-4D2E-B35C-21B88FE0A4E9}.Debug|Any CPU.Build.0 = Debug|Any CPU
		{A2A71E79-EBE7-4D2E-B35C-21B88FE0A4E9}.Release|Any CPU.ActiveCfg = Release|Any CPU
		{A2A71E79-EBE7-4D2E-B35C-21B88FE0A4E9}.Release|Any CPU.Build.0 = Release|Any CPU
		{200EBDFF-0DAA-45E7-905D-EE42A871F94A}.Debug|Any CPU.ActiveCfg = Debug|Any CPU
		{200EBDFF-0DAA-45E7-905D-EE42A871F94A}.Debug|Any CPU.Build.0 = Debug|Any CPU
		{200EBDFF-0DAA-45E7-905D-EE42A871F94A}.Release|Any CPU.ActiveCfg = Release|Any CPU
		{200EBDFF-0DAA-45E7-905D-EE42A871F94A}.Release|Any CPU.Build.0 = Release|Any CPU
		{E4D56CEF-1E8B-42FE-A702-11B88C47040A}.Debug|Any CPU.ActiveCfg = Debug|Any CPU
		{E4D56CEF-1E8B-42FE-A702-11B88C47040A}.Debug|Any CPU.Build.0 = Debug|Any CPU
		{E4D56CEF-1E8B-42FE-A702-11B88C47040A}.Release|Any CPU.ActiveCfg = Release|Any CPU
		{E4D56CEF-1E8B-42FE-A702-11B88C47040A}.Release|Any CPU.Build.0 = Release|Any CPU
	EndGlobalSection
	GlobalSection(SolutionProperties) = preSolution
		HideSolutionNode = FALSE
	EndGlobalSection
	GlobalSection(ExtensibilityGlobals) = postSolution
		SolutionGuid = {6F9BDF7F-9ABF-4579-9E58-B113AA2834A2}
	EndGlobalSection
EndGlobal
